{
  "version": 4,
  "terraform_version": "1.4.6",
  "serial": 15,
  "lineage": "c1e7d813-794a-4097-3072-1517950e8a06",
  "outputs": {},
  "resources": [
    {
      "mode": "managed",
      "type": "azurerm_key_vault_secret",
      "name": "kvsecret",
      "provider": "provider[\"registry.terraform.io/hashicorp/azurerm\"]",
      "instances": [
        {
          "schema_version": 0,
          "attributes": {
            "content_type": "",
            "expiration_date": null,
            "id": "https://test-kv0123.vault.azure.net/secrets/c837d83a-b2e4-4e5e-8028-412a74073d06/9392121615c14a62b549c9040b14db86",
            "key_vault_id": "/subscriptions/dfbfa404-4f9c-4477-82a2-c89f240dd209/resourceGroups/aks-rg/providers/Microsoft.KeyVault/vaults/test-kv0123",
            "name": "c837d83a-b2e4-4e5e-8028-412a74073d06",
            "not_before_date": null,
            "resource_id": "/subscriptions/dfbfa404-4f9c-4477-82a2-c89f240dd209/resourceGroups/aks-rg/providers/Microsoft.KeyVault/vaults/test-kv0123/secrets/c837d83a-b2e4-4e5e-8028-412a74073d06/versions/9392121615c14a62b549c9040b14db86",
            "resource_versionless_id": "/subscriptions/dfbfa404-4f9c-4477-82a2-c89f240dd209/resourceGroups/aks-rg/providers/Microsoft.KeyVault/vaults/test-kv0123/secrets/c837d83a-b2e4-4e5e-8028-412a74073d06",
            "tags": null,
            "timeouts": null,
            "value": "Pr.8Q~Qbr3roBjuJkGXb1VTfBAhwHidh2aJEQddA",
            "version": "9392121615c14a62b549c9040b14db86",
            "versionless_id": "https://test-kv0123.vault.azure.net/secrets/c837d83a-b2e4-4e5e-8028-412a74073d06"
          },
          "sensitive_attributes": [
            [
              {
                "type": "get_attr",
                "value": "value"
              }
            ]
          ],
          "private": "eyJlMmJmYjczMC1lY2FhLTExZTYtOGY4OC0zNDM2M2JjN2M0YzAiOnsiY3JlYXRlIjoxODAwMDAwMDAwMDAwLCJkZWxldGUiOjE4MDAwMDAwMDAwMDAsInJlYWQiOjE4MDAwMDAwMDAwMDAsInVwZGF0ZSI6MTgwMDAwMDAwMDAwMH19",
          "dependencies": [
            "azurerm_resource_group.rg1",
            "module.ServicePrincipal.azuread_application.main",
            "module.ServicePrincipal.azuread_service_principal.main",
            "module.ServicePrincipal.azuread_service_principal_password.main",
            "module.ServicePrincipal.data.azuread_client_config.current",
            "module.keyvault.azurerm_key_vault.kv",
            "module.keyvault.data.azurerm_client_config.current"
          ]
        }
      ]
    },
    {
      "mode": "managed",
      "type": "azurerm_resource_group",
      "name": "rg1",
      "provider": "provider[\"registry.terraform.io/hashicorp/azurerm\"]",
      "instances": [
        {
          "schema_version": 0,
          "attributes": {
            "id": "/subscriptions/dfbfa404-4f9c-4477-82a2-c89f240dd209/resourceGroups/aks-rg",
            "location": "westeurope",
            "managed_by": "",
            "name": "aks-rg",
            "tags": {},
            "timeouts": null
          },
          "sensitive_attributes": [],
          "private": "eyJlMmJmYjczMC1lY2FhLTExZTYtOGY4OC0zNDM2M2JjN2M0YzAiOnsiY3JlYXRlIjo1NDAwMDAwMDAwMDAwLCJkZWxldGUiOjU0MDAwMDAwMDAwMDAsInJlYWQiOjMwMDAwMDAwMDAwMCwidXBkYXRlIjo1NDAwMDAwMDAwMDAwfX0="
        }
      ]
    },
    {
      "mode": "managed",
      "type": "azurerm_role_assignment",
      "name": "rolespn",
      "provider": "provider[\"registry.terraform.io/hashicorp/azurerm\"]",
      "instances": [
        {
          "schema_version": 0,
          "attributes": {
            "condition": "",
            "condition_version": "",
            "delegated_managed_identity_resource_id": "",
            "description": "",
            "id": "/subscriptions/dfbfa404-4f9c-4477-82a2-c89f240dd209/providers/Microsoft.Authorization/roleAssignments/e85275e6-386b-b52e-6580-3327d8e2c8b9",
            "name": "e85275e6-386b-b52e-6580-3327d8e2c8b9",
            "principal_id": "4134af7a-57d4-4103-b985-a9d5bb0561f1",
            "principal_type": "ServicePrincipal",
            "role_definition_id": "/subscriptions/dfbfa404-4f9c-4477-82a2-c89f240dd209/providers/Microsoft.Authorization/roleDefinitions/b24988ac-6180-42a0-ab88-20f7382dd24c",
            "role_definition_name": "Contributor",
            "scope": "/subscriptions/dfbfa404-4f9c-4477-82a2-c89f240dd209",
            "skip_service_principal_aad_check": null,
            "timeouts": null
          },
          "sensitive_attributes": [],
          "private": "eyJlMmJmYjczMC1lY2FhLTExZTYtOGY4OC0zNDM2M2JjN2M0YzAiOnsiY3JlYXRlIjoxODAwMDAwMDAwMDAwLCJkZWxldGUiOjE4MDAwMDAwMDAwMDAsInJlYWQiOjMwMDAwMDAwMDAwMCwidXBkYXRlIjoxODAwMDAwMDAwMDAwfX0=",
          "dependencies": [
            "azurerm_resource_group.rg1",
            "module.ServicePrincipal.azuread_application.main",
            "module.ServicePrincipal.azuread_service_principal.main",
            "module.ServicePrincipal.azuread_service_principal_password.main",
            "module.ServicePrincipal.data.azuread_client_config.current"
          ]
        }
      ]
    },
    {
      "mode": "managed",
      "type": "local_file",
      "name": "kubeconfig",
      "provider": "provider[\"registry.terraform.io/hashicorp/local\"]",
      "instances": []
    },
    {
      "module": "module.ServicePrincipal",
      "mode": "data",
      "type": "azuread_client_config",
      "name": "current",
      "provider": "provider[\"registry.terraform.io/hashicorp/azuread\"]",
      "instances": [
        {
          "schema_version": 0,
          "attributes": {
            "client_id": "04b07795-8ddb-461a-bbee-02f9e1bf7b46",
            "id": "33144327-dffd-49e6-831f-1c901f21bd75-04b07795-8ddb-461a-bbee-02f9e1bf7b46-d29a27a3-5d6d-436b-b033-0c6b432a8897",
            "object_id": "d29a27a3-5d6d-436b-b033-0c6b432a8897",
            "tenant_id": "33144327-dffd-49e6-831f-1c901f21bd75",
            "timeouts": null
          },
          "sensitive_attributes": []
        }
      ]
    },
    {
      "module": "module.ServicePrincipal",
      "mode": "managed",
      "type": "azuread_application",
      "name": "main",
      "provider": "provider[\"registry.terraform.io/hashicorp/azuread\"]",
      "instances": [
        {
          "schema_version": 1,
          "attributes": {
            "api": [
              {
                "known_client_applications": [],
                "mapped_claims_enabled": false,
                "oauth2_permission_scope": [],
                "requested_access_token_version": 1
              }
            ],
            "app_role": [],
            "app_role_ids": {},
            "application_id": "c837d83a-b2e4-4e5e-8028-412a74073d06",
            "description": "",
            "device_only_auth_enabled": false,
            "disabled_by_microsoft": "\u003cnil\u003e",
            "display_name": "test-spn",
            "fallback_public_client_enabled": false,
            "feature_tags": [
              {
                "custom_single_sign_on": false,
                "enterprise": false,
                "gallery": false,
                "hide": false
              }
            ],
            "group_membership_claims": [],
            "id": "6f673b66-4aee-48a4-b389-0a5129b9b5a0",
            "identifier_uris": [],
            "logo_image": "",
            "logo_url": "",
            "marketing_url": "",
            "notes": "",
            "oauth2_permission_scope_ids": {},
            "oauth2_post_response_required": false,
            "object_id": "6f673b66-4aee-48a4-b389-0a5129b9b5a0",
            "optional_claims": [
              {
                "access_token": [],
                "id_token": [],
                "saml2_token": []
              }
            ],
            "owners": [
              "d29a27a3-5d6d-436b-b033-0c6b432a8897"
            ],
            "prevent_duplicate_names": false,
            "privacy_statement_url": "",
            "public_client": [
              {
                "redirect_uris": []
              }
            ],
            "publisher_domain": "rusrares1337gmail.onmicrosoft.com",
            "required_resource_access": [],
            "service_management_reference": "",
            "sign_in_audience": "AzureADMyOrg",
            "single_page_application": [
              {
                "redirect_uris": []
              }
            ],
            "support_url": "",
            "tags": [],
            "template_id": "",
            "terms_of_service_url": "",
            "timeouts": null,
            "web": [
              {
                "homepage_url": "",
                "implicit_grant": [
                  {
                    "access_token_issuance_enabled": false,
                    "id_token_issuance_enabled": false
                  }
                ],
                "logout_url": "",
                "redirect_uris": []
              }
            ]
          },
          "sensitive_attributes": [],
          "private": "eyJlMmJmYjczMC1lY2FhLTExZTYtOGY4OC0zNDM2M2JjN2M0YzAiOnsiY3JlYXRlIjo2MDAwMDAwMDAwMDAsImRlbGV0ZSI6MzAwMDAwMDAwMDAwLCJyZWFkIjozMDAwMDAwMDAwMDAsInVwZGF0ZSI6NjAwMDAwMDAwMDAwfSwic2NoZW1hX3ZlcnNpb24iOiIxIn0=",
          "dependencies": [
            "azurerm_resource_group.rg1",
            "module.ServicePrincipal.data.azuread_client_config.current"
          ]
        }
      ]
    },
    {
      "module": "module.ServicePrincipal",
      "mode": "managed",
      "type": "azuread_service_principal",
      "name": "main",
      "provider": "provider[\"registry.terraform.io/hashicorp/azuread\"]",
      "instances": [
        {
          "schema_version": 0,
          "attributes": {
            "account_enabled": true,
            "alternative_names": [],
            "app_role_assignment_required": true,
            "app_role_ids": {},
            "app_roles": [],
            "application_id": "c837d83a-b2e4-4e5e-8028-412a74073d06",
            "application_tenant_id": "33144327-dffd-49e6-831f-1c901f21bd75",
            "description": "",
            "display_name": "test-spn",
            "feature_tags": [
              {
                "custom_single_sign_on": false,
                "enterprise": false,
                "gallery": false,
                "hide": false
              }
            ],
            "features": [
              {
                "custom_single_sign_on_app": false,
                "enterprise_application": false,
                "gallery_application": false,
                "visible_to_users": true
              }
            ],
            "homepage_url": "",
            "id": "4134af7a-57d4-4103-b985-a9d5bb0561f1",
            "login_url": "",
            "logout_url": "",
            "notes": "",
            "notification_email_addresses": [],
            "oauth2_permission_scope_ids": {},
            "oauth2_permission_scopes": [],
            "object_id": "4134af7a-57d4-4103-b985-a9d5bb0561f1",
            "owners": [
              "d29a27a3-5d6d-436b-b033-0c6b432a8897"
            ],
            "preferred_single_sign_on_mode": "",
            "redirect_uris": [],
            "saml_metadata_url": "",
            "saml_single_sign_on": [
              {
                "relay_state": ""
              }
            ],
            "service_principal_names": [],
            "sign_in_audience": "AzureADMyOrg",
            "tags": [],
            "timeouts": null,
            "type": "Application",
            "use_existing": null
          },
          "sensitive_attributes": [],
          "private": "eyJlMmJmYjczMC1lY2FhLTExZTYtOGY4OC0zNDM2M2JjN2M0YzAiOnsiY3JlYXRlIjo2MDAwMDAwMDAwMDAsImRlbGV0ZSI6MzAwMDAwMDAwMDAwLCJyZWFkIjozMDAwMDAwMDAwMDAsInVwZGF0ZSI6NjAwMDAwMDAwMDAwfX0=",
          "dependencies": [
            "azurerm_resource_group.rg1",
            "module.ServicePrincipal.azuread_application.main",
            "module.ServicePrincipal.data.azuread_client_config.current"
          ]
        }
      ]
    },
    {
      "module": "module.ServicePrincipal",
      "mode": "managed",
      "type": "azuread_service_principal_password",
      "name": "main",
      "provider": "provider[\"registry.terraform.io/hashicorp/azuread\"]",
      "instances": [
        {
          "schema_version": 1,
          "attributes": {
            "display_name": null,
            "end_date": "2025-08-11T08:03:36Z",
            "end_date_relative": null,
            "id": "4134af7a-57d4-4103-b985-a9d5bb0561f1/password/f8403887-b36d-449e-95d2-b7d7e73d9ce4",
            "key_id": "f8403887-b36d-449e-95d2-b7d7e73d9ce4",
            "rotate_when_changed": null,
            "service_principal_id": "4134af7a-57d4-4103-b985-a9d5bb0561f1",
            "start_date": "2023-08-11T08:03:36Z",
            "timeouts": null,
            "value": "Pr.8Q~Qbr3roBjuJkGXb1VTfBAhwHidh2aJEQddA"
          },
          "sensitive_attributes": [],
          "private": "eyJlMmJmYjczMC1lY2FhLTExZTYtOGY4OC0zNDM2M2JjN2M0YzAiOnsiY3JlYXRlIjozMDAwMDAwMDAwMDAsImRlbGV0ZSI6MzAwMDAwMDAwMDAwLCJyZWFkIjozMDAwMDAwMDAwMDAsInVwZGF0ZSI6MzAwMDAwMDAwMDAwfSwic2NoZW1hX3ZlcnNpb24iOiIxIn0=",
          "dependencies": [
            "azurerm_resource_group.rg1",
            "module.ServicePrincipal.azuread_application.main",
            "module.ServicePrincipal.azuread_service_principal.main",
            "module.ServicePrincipal.data.azuread_client_config.current"
          ]
        }
      ]
    },
    {
      "module": "module.aks",
      "mode": "data",
      "type": "azurerm_kubernetes_service_versions",
      "name": "current",
      "provider": "provider[\"registry.terraform.io/hashicorp/azurerm\"]",
      "instances": [
        {
          "schema_version": 0,
          "attributes": {
            "id": "/subscriptions/dfbfa404-4f9c-4477-82a2-c89f240dd209/providers/Microsoft.ContainerService/locations/westeurope",
            "include_preview": false,
            "latest_version": "1.27.3",
            "location": "westeurope",
            "timeouts": null,
            "version_prefix": null,
            "versions": [
              "1.25.6",
              "1.25.11",
              "1.26.3",
              "1.26.6",
              "1.27.1",
              "1.27.3"
            ]
          },
          "sensitive_attributes": []
        }
      ]
    },
    {
      "module": "module.keyvault",
      "mode": "data",
      "type": "azurerm_client_config",
      "name": "current",
      "provider": "provider[\"registry.terraform.io/hashicorp/azurerm\"]",
      "instances": [
        {
          "schema_version": 0,
          "attributes": {
            "client_id": "04b07795-8ddb-461a-bbee-02f9e1bf7b46",
            "id": "Y2xpZW50Q29uZmlncy9jbGllbnRJZD0wNGIwNzc5NS04ZGRiLTQ2MWEtYmJlZS0wMmY5ZTFiZjdiNDY7b2JqZWN0SWQ9ZDI5YTI3YTMtNWQ2ZC00MzZiLWIwMzMtMGM2YjQzMmE4ODk3O3N1YnNjcmlwdGlvbklkPWRmYmZhNDA0LTRmOWMtNDQ3Ny04MmEyLWM4OWYyNDBkZDIwOTt0ZW5hbnRJZD0zMzE0NDMyNy1kZmZkLTQ5ZTYtODMxZi0xYzkwMWYyMWJkNzU=",
            "object_id": "d29a27a3-5d6d-436b-b033-0c6b432a8897",
            "subscription_id": "dfbfa404-4f9c-4477-82a2-c89f240dd209",
            "tenant_id": "33144327-dffd-49e6-831f-1c901f21bd75",
            "timeouts": null
          },
          "sensitive_attributes": []
        }
      ]
    },
    {
      "module": "module.keyvault",
      "mode": "managed",
      "type": "azurerm_key_vault",
      "name": "kv",
      "provider": "provider[\"registry.terraform.io/hashicorp/azurerm\"]",
      "instances": [
        {
          "schema_version": 2,
          "attributes": {
            "access_policy": [],
            "contact": [],
            "enable_rbac_authorization": true,
            "enabled_for_deployment": false,
            "enabled_for_disk_encryption": true,
            "enabled_for_template_deployment": false,
            "id": "/subscriptions/dfbfa404-4f9c-4477-82a2-c89f240dd209/resourceGroups/aks-rg/providers/Microsoft.KeyVault/vaults/test-kv0123",
            "location": "westeurope",
            "name": "test-kv0123",
            "network_acls": [
              {
                "bypass": "AzureServices",
                "default_action": "Allow",
                "ip_rules": [],
                "virtual_network_subnet_ids": []
              }
            ],
            "public_network_access_enabled": true,
            "purge_protection_enabled": false,
            "resource_group_name": "aks-rg",
            "sku_name": "premium",
            "soft_delete_retention_days": 7,
            "tags": {},
            "tenant_id": "33144327-dffd-49e6-831f-1c901f21bd75",
            "timeouts": null,
            "vault_uri": "https://test-kv0123.vault.azure.net/"
          },
          "sensitive_attributes": [],
          "private": "eyJlMmJmYjczMC1lY2FhLTExZTYtOGY4OC0zNDM2M2JjN2M0YzAiOnsiY3JlYXRlIjoxODAwMDAwMDAwMDAwLCJkZWxldGUiOjE4MDAwMDAwMDAwMDAsInJlYWQiOjMwMDAwMDAwMDAwMCwidXBkYXRlIjoxODAwMDAwMDAwMDAwfSwic2NoZW1hX3ZlcnNpb24iOiIyIn0=",
          "dependencies": [
            "azurerm_resource_group.rg1",
            "module.ServicePrincipal.azuread_application.main",
            "module.ServicePrincipal.azuread_service_principal.main",
            "module.ServicePrincipal.azuread_service_principal_password.main",
            "module.ServicePrincipal.data.azuread_client_config.current",
            "module.keyvault.data.azurerm_client_config.current"
          ]
        }
      ]
    }
  ],
  "check_results": null
}
